
Microsoft Visual Studio Solution File, Format Version 12.00
# Visual Studio 15
VisualStudioVersion = 15.0.27130.2010
MinimumVisualStudioVersion = 10.0.40219.1
Project("{FAE04EC0-301F-11D3-BF4B-00C04F79EFBC}") = "GOpenUpdater", "GOpenUpdater\GOpenUpdater.csproj", "{F3464F8A-6F64-450C-9BA1-3841D6493823}"
EndProject
Project("{FAE04EC0-301F-11D3-BF4B-00C04F79EFBC}") = "GOpenUpdater.Bootsrapper", "GOpenUpdater.Bootsrapper\GOpenUpdater.Bootsrapper.csproj", "{AED31053-3633-4A0A-B623-A315103472A9}"
EndProject
Global
	GlobalSection(SolutionConfigurationPlatforms) = preSolution
		Debug|Any CPU = Debug|Any CPU
		Release|Any CPU = Release|Any CPU
	EndGlobalSection
	GlobalSection(ProjectConfigurationPlatforms) = postSolution
		{F3464F8A-6F64-450C-9BA1-3841D6493823}.Debug|Any CPU.ActiveCfg = Debug|Any CPU
		{F3464F8A-6F64-450C-9BA1-3841D6493823}.Debug|Any CPU.Build.0 = Debug|Any CPU
		{F3464F8A-6F64-450C-9BA1-3841D6493823}.Release|Any CPU.ActiveCfg = Release|Any CPU
		{F3464F8A-6F64-450C-9BA1-3841D6493823}.Release|Any CPU.Build.0 = Release|Any CPU
		{AED31053-3633-4A0A-B623-A315103472A9}.Debug|Any CPU.ActiveCfg = Debug|Any CPU
		{AED31053-3633-4A0A-B623-A315103472A9}.Debug|Any CPU.Build.0 = Debug|Any CPU
		{AED31053-3633-4A0A-B623-A315103472A9}.Release|Any CPU.ActiveCfg = Release|Any CPU
		{AED31053-3633-4A0A-B623-A315103472A9}.Release|Any CPU.Build.0 = Release|Any CPU
	EndGlobalSection
	GlobalSection(SolutionProperties) = preSolution
		HideSolutionNode = FALSE
	EndGlobalSection
	GlobalSection(ExtensibilityGlobals) = postSolution
		SolutionGuid = {8722D639-D30C-4AD9-BAE5-7E2145549F13}
	EndGlobalSection
EndGlobal
